// !$*UTF8*$!
{
	archiveVersion = 1;
	classes = {
	};
	objectVersion = 77;
	objects = {

/* Begin PBXBuildFile section */
		0437CAABA9B9AF0F5A03D5F7 /* WorkshopView.swift in Sources */ = {isa = PBXBuildFile; fileRef = 18ADEB6938947B1BC5AC96DC /* WorkshopView.swift */; };
		1401DF423D8E49F68FA98BEA /* ContentView.swift in Sources */ = {isa = PBXBuildFile; fileRef = F09EA5D64444B73147FEECBF /* ContentView.swift */; };
		1C7FC8DB018C314A2E32712B /* Assets.xcassets in Resources */ = {isa = PBXBuildFile; fileRef = FB5382DB13ECAADA9A08A6DD /* Assets.xcassets */; };
		22CCDC3C2E798DC0C35F7791 /* DesignTokens.swift in Sources */ = {isa = PBXBuildFile; fileRef = FA125A3ACD9B4C2EB1F591EB /* DesignTokens.swift */; };
		35A1794D8F00D421864D703C /* CutCore in Frameworks */ = {isa = PBXBuildFile; productRef = F9CAA491C502F5086B9A7D28 /* CutCore */; };
		3F44E8FFD4B237EEE39B1D68 /* KerfApp.swift in Sources */ = {isa = PBXBuildFile; fileRef = F5AF971337B8801EAD765A85 /* KerfApp.swift */; };
		4B530C9FA53B63953F718ADB /* OnboardingView.swift in Sources */ = {isa = PBXBuildFile; fileRef = 59F7411E7B8EE374DE8AF2F9 /* OnboardingView.swift */; };
		6A7F52DE163FD0F28B15F835 /* ProjectDetailView.swift in Sources */ = {isa = PBXBuildFile; fileRef = 9198B9F7F8F6BB33062B0D7B /* ProjectDetailView.swift */; };
		6EDCFC9E8FCD7906516AEC3C /* CutProj in Frameworks */ = {isa = PBXBuildFile; productRef = 1149728F6F25D8F98455569F /* CutProj */; };
		79D5E2CEF61270BDCCD55B3E /* PlanComponents.swift in Sources */ = {isa = PBXBuildFile; fileRef = B4BD85BBF4BF1A71E3BD0DFF /* PlanComponents.swift */; };
		7F00E1FE372F23BCC804F381 /* QuickAddFlowTests.swift in Sources */ = {isa = PBXBuildFile; fileRef = 9DA71B6EFA8661BA2364E6E1 /* QuickAddFlowTests.swift */; };
		A705EFE66CECE57A7D6FFE91 /* SnapshotTests.swift in Sources */ = {isa = PBXBuildFile; fileRef = 5CEF468CC0D56AE47AA07FD7 /* SnapshotTests.swift */; };
		BC3F8209F20310CC0F53A62E /* CutModels in Frameworks */ = {isa = PBXBuildFile; productRef = BD4A2986EE6DF8CB09EEA377 /* CutModels */; };
		CEEF5CAA0BBCB667756F1A6C /* WorkshopFlowTests.swift in Sources */ = {isa = PBXBuildFile; fileRef = ED938EB0165D60600CBDF9CC /* WorkshopFlowTests.swift */; };
		D2F0D3517C295424CD94D65B /* SnapshotTesting in Frameworks */ = {isa = PBXBuildFile; productRef = 1A6D415217AC54834D17646E /* SnapshotTesting */; };
		E9AB3D0715EC467D01D15088 /* ProjectStore.swift in Sources */ = {isa = PBXBuildFile; fileRef = C75DADCF239EB7DABD2CC6D7 /* ProjectStore.swift */; };
		F0491D7B741D0262D6DCBB53 /* CutPersist in Frameworks */ = {isa = PBXBuildFile; productRef = BCD61F8BD27F41D116E43DDB /* CutPersist */; };
		FA92B1FDD39181146202A637 /* OnboardingFlowTests.swift in Sources */ = {isa = PBXBuildFile; fileRef = 6E4EC8307545892285B9608E /* OnboardingFlowTests.swift */; };
/* End PBXBuildFile section */

/* Begin PBXContainerItemProxy section */
		4D80264881ACFFC242A918AB /* PBXContainerItemProxy */ = {
			isa = PBXContainerItemProxy;
			containerPortal = 685AD86967C90349666BA45B /* Project object */;
			proxyType = 1;
			remoteGlobalIDString = 813062C9C93C122BD7E149AC;
			remoteInfo = KerfKit;
		};
		CC3E2EA1EE2782E7E6DF1EBF /* PBXContainerItemProxy */ = {
			isa = PBXContainerItemProxy;
			containerPortal = 685AD86967C90349666BA45B /* Project object */;
			proxyType = 1;
			remoteGlobalIDString = 813062C9C93C122BD7E149AC;
			remoteInfo = KerfKit;
		};
/* End PBXContainerItemProxy section */

/* Begin PBXFileReference section */
		0542E974336B5C254ED63F9D /* KerfKitTests.xctest */ = {isa = PBXFileReference; includeInIndex = 0; lastKnownFileType = wrapper.cfbundle; path = KerfKitTests.xctest; sourceTree = BUILT_PRODUCTS_DIR; };
		18ADEB6938947B1BC5AC96DC /* WorkshopView.swift */ = {isa = PBXFileReference; lastKnownFileType = sourcecode.swift; path = WorkshopView.swift; sourceTree = "<group>"; };
		33840CB323684E85D6D4AACA /* KerfKitUITests.xctest */ = {isa = PBXFileReference; includeInIndex = 0; lastKnownFileType = wrapper.cfbundle; path = KerfKitUITests.xctest; sourceTree = BUILT_PRODUCTS_DIR; };
		3947A1970267BE3B58930826 /* kerfkit */ = {isa = PBXFileReference; lastKnownFileType = folder; name = kerfkit; path = ../..; sourceTree = SOURCE_ROOT; };
		59F7411E7B8EE374DE8AF2F9 /* OnboardingView.swift */ = {isa = PBXFileReference; lastKnownFileType = sourcecode.swift; path = OnboardingView.swift; sourceTree = "<group>"; };
		5CEF468CC0D56AE47AA07FD7 /* SnapshotTests.swift */ = {isa = PBXFileReference; lastKnownFileType = sourcecode.swift; path = SnapshotTests.swift; sourceTree = "<group>"; };
		6E4EC8307545892285B9608E /* OnboardingFlowTests.swift */ = {isa = PBXFileReference; lastKnownFileType = sourcecode.swift; path = OnboardingFlowTests.swift; sourceTree = "<group>"; };
		9198B9F7F8F6BB33062B0D7B /* ProjectDetailView.swift */ = {isa = PBXFileReference; lastKnownFileType = sourcecode.swift; path = ProjectDetailView.swift; sourceTree = "<group>"; };
		9DA71B6EFA8661BA2364E6E1 /* QuickAddFlowTests.swift */ = {isa = PBXFileReference; lastKnownFileType = sourcecode.swift; path = QuickAddFlowTests.swift; sourceTree = "<group>"; };
		ADD3D46FC9C1AAB9D2219A95 /* Info.plist */ = {isa = PBXFileReference; lastKnownFileType = text.plist; path = Info.plist; sourceTree = "<group>"; };
		B4BD85BBF4BF1A71E3BD0DFF /* PlanComponents.swift */ = {isa = PBXFileReference; lastKnownFileType = sourcecode.swift; path = PlanComponents.swift; sourceTree = "<group>"; };
		C75DADCF239EB7DABD2CC6D7 /* ProjectStore.swift */ = {isa = PBXFileReference; lastKnownFileType = sourcecode.swift; path = ProjectStore.swift; sourceTree = "<group>"; };
		C8EB0AF15F7926D1C3280C63 /* KerfKit.app */ = {isa = PBXFileReference; includeInIndex = 0; lastKnownFileType = wrapper.application; path = KerfKit.app; sourceTree = BUILT_PRODUCTS_DIR; };
		ED938EB0165D60600CBDF9CC /* WorkshopFlowTests.swift */ = {isa = PBXFileReference; lastKnownFileType = sourcecode.swift; path = WorkshopFlowTests.swift; sourceTree = "<group>"; };
		F09EA5D64444B73147FEECBF /* ContentView.swift */ = {isa = PBXFileReference; lastKnownFileType = sourcecode.swift; path = ContentView.swift; sourceTree = "<group>"; };
		F5AF971337B8801EAD765A85 /* KerfApp.swift */ = {isa = PBXFileReference; lastKnownFileType = sourcecode.swift; path = KerfApp.swift; sourceTree = "<group>"; };
		FA125A3ACD9B4C2EB1F591EB /* DesignTokens.swift */ = {isa = PBXFileReference; lastKnownFileType = sourcecode.swift; path = DesignTokens.swift; sourceTree = "<group>"; };
		FB5382DB13ECAADA9A08A6DD /* Assets.xcassets */ = {isa = PBXFileReference; lastKnownFileType = folder.assetcatalog; path = Assets.xcassets; sourceTree = "<group>"; };
/* End PBXFileReference section */

/* Begin PBXFrameworksBuildPhase section */
		13372CA75D23092B430BF6F0 /* Frameworks */ = {
			isa = PBXFrameworksBuildPhase;
			buildActionMask = 2147483647;
			files = (
				D2F0D3517C295424CD94D65B /* SnapshotTesting in Frameworks */,
			);
			runOnlyForDeploymentPostprocessing = 0;
		};
		CF7787EA3FC1FD5F70B15CAD /* Frameworks */ = {
			isa = PBXFrameworksBuildPhase;
			buildActionMask = 2147483647;
			files = (
				35A1794D8F00D421864D703C /* CutCore in Frameworks */,
				BC3F8209F20310CC0F53A62E /* CutModels in Frameworks */,
				6EDCFC9E8FCD7906516AEC3C /* CutProj in Frameworks */,
				F0491D7B741D0262D6DCBB53 /* CutPersist in Frameworks */,
			);
			runOnlyForDeploymentPostprocessing = 0;
		};
/* End PBXFrameworksBuildPhase section */

/* Begin PBXGroup section */
		7DBD3D9EC5895C1F14EE0113 /* Generated */ = {
			isa = PBXGroup;
			children = (
				FA125A3ACD9B4C2EB1F591EB /* DesignTokens.swift */,
			);
			path = Generated;
			sourceTree = "<group>";
		};
		8A9EF854B07DFF9D328B2B57 /* KerfKit */ = {
			isa = PBXGroup;
			children = (
				FB5382DB13ECAADA9A08A6DD /* Assets.xcassets */,
				F09EA5D64444B73147FEECBF /* ContentView.swift */,
				ADD3D46FC9C1AAB9D2219A95 /* Info.plist */,
				F5AF971337B8801EAD765A85 /* KerfApp.swift */,
				59F7411E7B8EE374DE8AF2F9 /* OnboardingView.swift */,
				B4BD85BBF4BF1A71E3BD0DFF /* PlanComponents.swift */,
				9198B9F7F8F6BB33062B0D7B /* ProjectDetailView.swift */,
				C75DADCF239EB7DABD2CC6D7 /* ProjectStore.swift */,
				18ADEB6938947B1BC5AC96DC /* WorkshopView.swift */,
				7DBD3D9EC5895C1F14EE0113 /* Generated */,
			);
			path = KerfKit;
			sourceTree = "<group>";
		};
		91355DA6FDE272CDE6DE6935 /* Packages */ = {
			isa = PBXGroup;
			children = (
				3947A1970267BE3B58930826 /* kerfkit */,
			);
			name = Packages;
			sourceTree = "<group>";
		};
		A472E191F013A6F8C861B3DE = {
			isa = PBXGroup;
			children = (
				8A9EF854B07DFF9D328B2B57 /* KerfKit */,
				C39B8A6008A02193E585B3C1 /* KerfKitTests */,
				D1A8BE7D452C396E8807D7CB /* KerfKitUITests */,
				91355DA6FDE272CDE6DE6935 /* Packages */,
				C199F9BE48349930D3C4553F /* Products */,
			);
			sourceTree = "<group>";
		};
		C199F9BE48349930D3C4553F /* Products */ = {
			isa = PBXGroup;
			children = (
				C8EB0AF15F7926D1C3280C63 /* KerfKit.app */,
				0542E974336B5C254ED63F9D /* KerfKitTests.xctest */,
				33840CB323684E85D6D4AACA /* KerfKitUITests.xctest */,
			);
			name = Products;
			sourceTree = "<group>";
		};
		C39B8A6008A02193E585B3C1 /* KerfKitTests */ = {
			isa = PBXGroup;
			children = (
				5CEF468CC0D56AE47AA07FD7 /* SnapshotTests.swift */,
			);
			path = KerfKitTests;
			sourceTree = "<group>";
		};
		D1A8BE7D452C396E8807D7CB /* KerfKitUITests */ = {
			isa = PBXGroup;
			children = (
				6E4EC8307545892285B9608E /* OnboardingFlowTests.swift */,
				9DA71B6EFA8661BA2364E6E1 /* QuickAddFlowTests.swift */,
				ED938EB0165D60600CBDF9CC /* WorkshopFlowTests.swift */,
			);
			path = KerfKitUITests;
			sourceTree = "<group>";
		};
/* End PBXGroup section */

/* Begin PBXNativeTarget section */
		745316871213D7713D84E97F /* KerfKitTests */ = {
			isa = PBXNativeTarget;
			buildConfigurationList = 3EC10630B1B5BD032FC2E3E3 /* Build configuration list for PBXNativeTarget "KerfKitTests" */;
			buildPhases = (
				03AB0716B65FEEE984E93D2D /* Sources */,
				13372CA75D23092B430BF6F0 /* Frameworks */,
			);
			buildRules = (
			);
			dependencies = (
				0B2F4CDDCB6307765EC72737 /* PBXTargetDependency */,
			);
			name = KerfKitTests;
			packageProductDependencies = (
				1A6D415217AC54834D17646E /* SnapshotTesting */,
			);
			productName = KerfKitTests;
			productReference = 0542E974336B5C254ED63F9D /* KerfKitTests.xctest */;
			productType = "com.apple.product-type.bundle.unit-test";
		};
		813062C9C93C122BD7E149AC /* KerfKit */ = {
			isa = PBXNativeTarget;
			buildConfigurationList = F8566DEDE0C1D58A1EAF4C2A /* Build configuration list for PBXNativeTarget "KerfKit" */;
			buildPhases = (
				2C41DA582CE0023F0547A4A1 /* Sources */,
				3202713430ED60614E1DD514 /* Resources */,
				CF7787EA3FC1FD5F70B15CAD /* Frameworks */,
			);
			buildRules = (
			);
			dependencies = (
			);
			name = KerfKit;
			packageProductDependencies = (
				F9CAA491C502F5086B9A7D28 /* CutCore */,
				BD4A2986EE6DF8CB09EEA377 /* CutModels */,
				1149728F6F25D8F98455569F /* CutProj */,
				BCD61F8BD27F41D116E43DDB /* CutPersist */,
			);
			productName = KerfKit;
			productReference = C8EB0AF15F7926D1C3280C63 /* KerfKit.app */;
			productType = "com.apple.product-type.application";
		};
		A03A27E05ED812F05A64D20E /* KerfKitUITests */ = {
			isa = PBXNativeTarget;
			buildConfigurationList = 492268DFDC4CAC703CA97763 /* Build configuration list for PBXNativeTarget "KerfKitUITests" */;
			buildPhases = (
				0DDFA591CEAC2315A0A1767F /* Sources */,
			);
			buildRules = (
			);
			dependencies = (
				4AFF2D0DB02E4A52E6F268B5 /* PBXTargetDependency */,
			);
			name = KerfKitUITests;
			packageProductDependencies = (
			);
			productName = KerfKitUITests;
			productReference = 33840CB323684E85D6D4AACA /* KerfKitUITests.xctest */;
			productType = "com.apple.product-type.bundle.ui-testing";
		};
/* End PBXNativeTarget section */

/* Begin PBXProject section */
		685AD86967C90349666BA45B /* Project object */ = {
			isa = PBXProject;
			attributes = {
				BuildIndependentTargetsInParallel = YES;
				LastUpgradeCheck = 1430;
				TargetAttributes = {
					A03A27E05ED812F05A64D20E = {
						TestTargetID = 813062C9C93C122BD7E149AC;
					};
				};
			};
			buildConfigurationList = E5FCCF5E3FC78395021CEDF3 /* Build configuration list for PBXProject "KerfKit" */;
			compatibilityVersion = "Xcode 14.0";
			developmentRegion = en;
			hasScannedForEncodings = 0;
			knownRegions = (
				Base,
				en,
			);
			mainGroup = A472E191F013A6F8C861B3DE;
			minimizedProjectReferenceProxies = 1;
			packageReferences = (
				BFBDFB2688C4DA238D61BA77 /* XCRemoteSwiftPackageReference "swift-snapshot-testing" */,
				076D0D456F80C61188F8BC7A /* XCLocalSwiftPackageReference "../.." */,
			);
			preferredProjectObjectVersion = 77;
			projectDirPath = "";
			projectRoot = "";
			targets = (
				813062C9C93C122BD7E149AC /* KerfKit */,
				745316871213D7713D84E97F /* KerfKitTests */,
				A03A27E05ED812F05A64D20E /* KerfKitUITests */,
			);
		};
/* End PBXProject section */

/* Begin PBXResourcesBuildPhase section */
		3202713430ED60614E1DD514 /* Resources */ = {
			isa = PBXResourcesBuildPhase;
			buildActionMask = 2147483647;
			files = (
				1C7FC8DB018C314A2E32712B /* Assets.xcassets in Resources */,
			);
			runOnlyForDeploymentPostprocessing = 0;
		};
/* End PBXResourcesBuildPhase section */

/* Begin PBXSourcesBuildPhase section */
		03AB0716B65FEEE984E93D2D /* Sources */ = {
			isa = PBXSourcesBuildPhase;
			buildActionMask = 2147483647;
			files = (
				A705EFE66CECE57A7D6FFE91 /* SnapshotTests.swift in Sources */,
			);
			runOnlyForDeploymentPostprocessing = 0;
		};
		0DDFA591CEAC2315A0A1767F /* Sources */ = {
			isa = PBXSourcesBuildPhase;
			buildActionMask = 2147483647;
			files = (
				FA92B1FDD39181146202A637 /* OnboardingFlowTests.swift in Sources */,
				7F00E1FE372F23BCC804F381 /* QuickAddFlowTests.swift in Sources */,
				CEEF5CAA0BBCB667756F1A6C /* WorkshopFlowTests.swift in Sources */,
			);
			runOnlyForDeploymentPostprocessing = 0;
		};
		2C41DA582CE0023F0547A4A1 /* Sources */ = {
			isa = PBXSourcesBuildPhase;
			buildActionMask = 2147483647;
			files = (
				1401DF423D8E49F68FA98BEA /* ContentView.swift in Sources */,
				22CCDC3C2E798DC0C35F7791 /* DesignTokens.swift in Sources */,
				3F44E8FFD4B237EEE39B1D68 /* KerfApp.swift in Sources */,
				4B530C9FA53B63953F718ADB /* OnboardingView.swift in Sources */,
				79D5E2CEF61270BDCCD55B3E /* PlanComponents.swift in Sources */,
				6A7F52DE163FD0F28B15F835 /* ProjectDetailView.swift in Sources */,
				E9AB3D0715EC467D01D15088 /* ProjectStore.swift in Sources */,
				0437CAABA9B9AF0F5A03D5F7 /* WorkshopView.swift in Sources */,
			);
			runOnlyForDeploymentPostprocessing = 0;
		};
/* End PBXSourcesBuildPhase section */

/* Begin PBXTargetDependency section */
		0B2F4CDDCB6307765EC72737 /* PBXTargetDependency */ = {
			isa = PBXTargetDependency;
			target = 813062C9C93C122BD7E149AC /* KerfKit */;
			targetProxy = 4D80264881ACFFC242A918AB /* PBXContainerItemProxy */;
		};
		4AFF2D0DB02E4A52E6F268B5 /* PBXTargetDependency */ = {
			isa = PBXTargetDependency;
			target = 813062C9C93C122BD7E149AC /* KerfKit */;
			targetProxy = CC3E2EA1EE2782E7E6DF1EBF /* PBXContainerItemProxy */;
		};
/* End PBXTargetDependency section */

/* Begin XCBuildConfiguration section */
		1486AA53B7C35E5C58827D3E /* Release */ = {
			isa = XCBuildConfiguration;
			buildSettings = {
				BUNDLE_LOADER = "$(TEST_HOST)";
				GENERATE_INFOPLIST_FILE = YES;
				LD_RUNPATH_SEARCH_PATHS = (
					"$(inherited)",
					"@executable_path/Frameworks",
					"@loader_path/Frameworks",
				);
				PRODUCT_BUNDLE_IDENTIFIER = app.kerfkit.KerfKitUITests;
				SDKROOT = iphoneos;
				SWIFT_VERSION = 6.0;
				TARGETED_DEVICE_FAMILY = "1,2";
				TEST_TARGET_NAME = KerfKit;
			};
			name = Release;
		};
		2FDDA5163BC748C3649F65B0 /* Debug */ = {
			isa = XCBuildConfiguration;
			buildSettings = {
				BUNDLE_LOADER = "$(TEST_HOST)";
				GENERATE_INFOPLIST_FILE = YES;
				LD_RUNPATH_SEARCH_PATHS = (
					"$(inherited)",
					"@executable_path/Frameworks",
					"@loader_path/Frameworks",
				);
				PRODUCT_BUNDLE_IDENTIFIER = app.kerfkit.KerfKitTests;
				SDKROOT = iphoneos;
				SWIFT_VERSION = 6.0;
				TARGETED_DEVICE_FAMILY = "1,2";
				TEST_HOST = "$(BUILT_PRODUCTS_DIR)/KerfKit.app/KerfKit";
			};
			name = Debug;
		};
		32B097F5AF75806035ED3A14 /* Debug */ = {
			isa = XCBuildConfiguration;
			buildSettings = {
				ASSETCATALOG_COMPILER_APPICON_NAME = AppIcon;
				CODE_SIGN_IDENTITY = "iPhone Developer";
				INFOPLIST_FILE = KerfKit/Info.plist;
				INFOPLIST_KEY_UIUserInterfaceStyle = Dark;
				LD_RUNPATH_SEARCH_PATHS = (
					"$(inherited)",
					"@executable_path/Frameworks",
				);
				PRODUCT_BUNDLE_IDENTIFIER = app.kerfkit.KerfKit;
				SDKROOT = iphoneos;
				SWIFT_VERSION = 6.0;
				TARGETED_DEVICE_FAMILY = "1,2";
			};
			name = Debug;
		};
		582873ED23CC3DA6A2F3E672 /* Release */ = {
			isa = XCBuildConfiguration;
			buildSettings = {
				ALWAYS_SEARCH_USER_PATHS = NO;
				CLANG_ANALYZER_NONNULL = YES;
				CLANG_ANALYZER_NUMBER_OBJECT_CONVERSION = YES_AGGRESSIVE;
				CLANG_CXX_LANGUAGE_STANDARD = "gnu++14";
				CLANG_CXX_LIBRARY = "libc++";
				CLANG_ENABLE_MODULES = YES;
				CLANG_ENABLE_OBJC_ARC = YES;
				CLANG_ENABLE_OBJC_WEAK = YES;
				CLANG_WARN_BLOCK_CAPTURE_AUTORELEASING = YES;
				CLANG_WARN_BOOL_CONVERSION = YES;
				CLANG_WARN_COMMA = YES;
				CLANG_WARN_CONSTANT_CONVERSION = YES;
				CLANG_WARN_DEPRECATED_OBJC_IMPLEMENTATIONS = YES;
				CLANG_WARN_DIRECT_OBJC_ISA_USAGE = YES_ERROR;
				CLANG_WARN_DOCUMENTATION_COMMENTS = YES;
				CLANG_WARN_EMPTY_BODY = YES;
				CLANG_WARN_ENUM_CONVERSION = YES;
				CLANG_WARN_INFINITE_RECURSION = YES;
				CLANG_WARN_INT_CONVERSION = YES;
				CLANG_WARN_NON_LITERAL_NULL_CONVERSION = YES;
				CLANG_WARN_OBJC_IMPLICIT_RETAIN_SELF = YES;
				CLANG_WARN_OBJC_LITERAL_CONVERSION = YES;
				CLANG_WARN_OBJC_ROOT_CLASS = YES_ERROR;
				CLANG_WARN_QUOTED_INCLUDE_IN_FRAMEWORK_HEADER = YES;
				CLANG_WARN_RANGE_LOOP_ANALYSIS = YES;
				CLANG_WARN_STRICT_PROTOTYPES = YES;
				CLANG_WARN_SUSPICIOUS_MOVE = YES;
				CLANG_WARN_UNGUARDED_AVAILABILITY = YES_AGGRESSIVE;
				CLANG_WARN_UNREACHABLE_CODE = YES;
				CLANG_WARN__DUPLICATE_METHOD_MATCH = YES;
				COPY_PHASE_STRIP = NO;
				DEBUG_INFORMATION_FORMAT = "dwarf-with-dsym";
				ENABLE_NS_ASSERTIONS = NO;
				ENABLE_STRICT_OBJC_MSGSEND = YES;
				GCC_C_LANGUAGE_STANDARD = gnu11;
				GCC_NO_COMMON_BLOCKS = YES;
				GCC_WARN_64_TO_32_BIT_CONVERSION = YES;
				GCC_WARN_ABOUT_RETURN_TYPE = YES_ERROR;
				GCC_WARN_UNDECLARED_SELECTOR = YES;
				GCC_WARN_UNINITIALIZED_AUTOS = YES_AGGRESSIVE;
				GCC_WARN_UNUSED_FUNCTION = YES;
				GCC_WARN_UNUSED_VARIABLE = YES;
				IPHONEOS_DEPLOYMENT_TARGET = 17.0;
				MTL_ENABLE_DEBUG_INFO = NO;
				MTL_FAST_MATH = YES;
				PRODUCT_NAME = "$(TARGET_NAME)";
				SDKROOT = iphoneos;
				SWIFT_COMPILATION_MODE = wholemodule;
				SWIFT_OPTIMIZATION_LEVEL = "-O";
				SWIFT_VERSION = 5.0;
			};
			name = Release;
		};
		B891E9AF8E58D9C72692F69B /* Release */ = {
			isa = XCBuildConfiguration;
			buildSettings = {
				ASSETCATALOG_COMPILER_APPICON_NAME = AppIcon;
				CODE_SIGN_IDENTITY = "iPhone Developer";
				INFOPLIST_FILE = KerfKit/Info.plist;
				INFOPLIST_KEY_UIUserInterfaceStyle = Dark;
				LD_RUNPATH_SEARCH_PATHS = (
					"$(inherited)",
					"@executable_path/Frameworks",
				);
				PRODUCT_BUNDLE_IDENTIFIER = app.kerfkit.KerfKit;
				SDKROOT = iphoneos;
				SWIFT_VERSION = 6.0;
				TARGETED_DEVICE_FAMILY = "1,2";
			};
			name = Release;
		};
		C3F8633FD325B9FE87E9DB6F /* Debug */ = {
			isa = XCBuildConfiguration;
			buildSettings = {
				BUNDLE_LOADER = "$(TEST_HOST)";
				GENERATE_INFOPLIST_FILE = YES;
				LD_RUNPATH_SEARCH_PATHS = (
					"$(inherited)",
					"@executable_path/Frameworks",
					"@loader_path/Frameworks",
				);
				PRODUCT_BUNDLE_IDENTIFIER = app.kerfkit.KerfKitUITests;
				SDKROOT = iphoneos;
				SWIFT_VERSION = 6.0;
				TARGETED_DEVICE_FAMILY = "1,2";
				TEST_TARGET_NAME = KerfKit;
			};
			name = Debug;
		};
		D86E9A94A0F8D3AAACB66946 /* Release */ = {
			isa = XCBuildConfiguration;
			buildSettings = {
				BUNDLE_LOADER = "$(TEST_HOST)";
				GENERATE_INFOPLIST_FILE = YES;
				LD_RUNPATH_SEARCH_PATHS = (
					"$(inherited)",
					"@executable_path/Frameworks",
					"@loader_path/Frameworks",
				);
				PRODUCT_BUNDLE_IDENTIFIER = app.kerfkit.KerfKitTests;
				SDKROOT = iphoneos;
				SWIFT_VERSION = 6.0;
				TARGETED_DEVICE_FAMILY = "1,2";
				TEST_HOST = "$(BUILT_PRODUCTS_DIR)/KerfKit.app/KerfKit";
			};
			name = Release;
		};
		F54D3445489F5CC63AE1F239 /* Debug */ = {
			isa = XCBuildConfiguration;
			buildSettings = {
				ALWAYS_SEARCH_USER_PATHS = NO;
				CLANG_ANALYZER_NONNULL = YES;
				CLANG_ANALYZER_NUMBER_OBJECT_CONVERSION = YES_AGGRESSIVE;
				CLANG_CXX_LANGUAGE_STANDARD = "gnu++14";
				CLANG_CXX_LIBRARY = "libc++";
				CLANG_ENABLE_MODULES = YES;
				CLANG_ENABLE_OBJC_ARC = YES;
				CLANG_ENABLE_OBJC_WEAK = YES;
				CLANG_WARN_BLOCK_CAPTURE_AUTORELEASING = YES;
				CLANG_WARN_BOOL_CONVERSION = YES;
				CLANG_WARN_COMMA = YES;
				CLANG_WARN_CONSTANT_CONVERSION = YES;
				CLANG_WARN_DEPRECATED_OBJC_IMPLEMENTATIONS = YES;
				CLANG_WARN_DIRECT_OBJC_ISA_USAGE = YES_ERROR;
				CLANG_WARN_DOCUMENTATION_COMMENTS = YES;
				CLANG_WARN_EMPTY_BODY = YES;
				CLANG_WARN_ENUM_CONVERSION = YES;
				CLANG_WARN_INFINITE_RECURSION = YES;
				CLANG_WARN_INT_CONVERSION = YES;
				CLANG_WARN_NON_LITERAL_NULL_CONVERSION = YES;
				CLANG_WARN_OBJC_IMPLICIT_RETAIN_SELF = YES;
				CLANG_WARN_OBJC_LITERAL_CONVERSION = YES;
				CLANG_WARN_OBJC_ROOT_CLASS = YES_ERROR;
				CLANG_WARN_QUOTED_INCLUDE_IN_FRAMEWORK_HEADER = YES;
				CLANG_WARN_RANGE_LOOP_ANALYSIS = YES;
				CLANG_WARN_STRICT_PROTOTYPES = YES;
				CLANG_WARN_SUSPICIOUS_MOVE = YES;
				CLANG_WARN_UNGUARDED_AVAILABILITY = YES_AGGRESSIVE;
				CLANG_WARN_UNREACHABLE_CODE = YES;
				CLANG_WARN__DUPLICATE_METHOD_MATCH = YES;
				COPY_PHASE_STRIP = NO;
				DEBUG_INFORMATION_FORMAT = dwarf;
				ENABLE_STRICT_OBJC_MSGSEND = YES;
				ENABLE_TESTABILITY = YES;
				GCC_C_LANGUAGE_STANDARD = gnu11;
				GCC_DYNAMIC_NO_PIC = NO;
				GCC_NO_COMMON_BLOCKS = YES;
				GCC_OPTIMIZATION_LEVEL = 0;
				GCC_PREPROCESSOR_DEFINITIONS = (
					"$(inherited)",
					"DEBUG=1",
				);
				GCC_WARN_64_TO_32_BIT_CONVERSION = YES;
				GCC_WARN_ABOUT_RETURN_TYPE = YES_ERROR;
				GCC_WARN_UNDECLARED_SELECTOR = YES;
				GCC_WARN_UNINITIALIZED_AUTOS = YES_AGGRESSIVE;
				GCC_WARN_UNUSED_FUNCTION = YES;
				GCC_WARN_UNUSED_VARIABLE = YES;
				IPHONEOS_DEPLOYMENT_TARGET = 17.0;
				MTL_ENABLE_DEBUG_INFO = INCLUDE_SOURCE;
				MTL_FAST_MATH = YES;
				ONLY_ACTIVE_ARCH = YES;
				PRODUCT_NAME = "$(TARGET_NAME)";
				SDKROOT = iphoneos;
				SWIFT_ACTIVE_COMPILATION_CONDITIONS = DEBUG;
				SWIFT_OPTIMIZATION_LEVEL = "-Onone";
				SWIFT_VERSION = 5.0;
			};
			name = Debug;
		};
/* End XCBuildConfiguration section */

/* Begin XCConfigurationList section */
		3EC10630B1B5BD032FC2E3E3 /* Build configuration list for PBXNativeTarget "KerfKitTests" */ = {
			isa = XCConfigurationList;
			buildConfigurations = (
				2FDDA5163BC748C3649F65B0 /* Debug */,
				D86E9A94A0F8D3AAACB66946 /* Release */,
			);
			defaultConfigurationIsVisible = 0;
			defaultConfigurationName = Debug;
		};
		492268DFDC4CAC703CA97763 /* Build configuration list for PBXNativeTarget "KerfKitUITests" */ = {
			isa = XCConfigurationList;
			buildConfigurations = (
				C3F8633FD325B9FE87E9DB6F /* Debug */,
				1486AA53B7C35E5C58827D3E /* Release */,
			);
			defaultConfigurationIsVisible = 0;
			defaultConfigurationName = Debug;
		};
		E5FCCF5E3FC78395021CEDF3 /* Build configuration list for PBXProject "KerfKit" */ = {
			isa = XCConfigurationList;
			buildConfigurations = (
				F54D3445489F5CC63AE1F239 /* Debug */,
				582873ED23CC3DA6A2F3E672 /* Release */,
			);
			defaultConfigurationIsVisible = 0;
			defaultConfigurationName = Debug;
		};
		F8566DEDE0C1D58A1EAF4C2A /* Build configuration list for PBXNativeTarget "KerfKit" */ = {
			isa = XCConfigurationList;
			buildConfigurations = (
				32B097F5AF75806035ED3A14 /* Debug */,
				B891E9AF8E58D9C72692F69B /* Release */,
			);
			defaultConfigurationIsVisible = 0;
			defaultConfigurationName = Debug;
		};
/* End XCConfigurationList section */

/* Begin XCLocalSwiftPackageReference section */
		076D0D456F80C61188F8BC7A /* XCLocalSwiftPackageReference "../.." */ = {
			isa = XCLocalSwiftPackageReference;
			relativePath = ../..;
		};
/* End XCLocalSwiftPackageReference section */

/* Begin XCRemoteSwiftPackageReference section */
		BFBDFB2688C4DA238D61BA77 /* XCRemoteSwiftPackageReference "swift-snapshot-testing" */ = {
			isa = XCRemoteSwiftPackageReference;
			repositoryURL = "https://github.com/pointfreeco/swift-snapshot-testing";
			requirement = {
				kind = upToNextMajorVersion;
				minimumVersion = 1.17.0;
			};
		};
/* End XCRemoteSwiftPackageReference section */

/* Begin XCSwiftPackageProductDependency section */
		1149728F6F25D8F98455569F /* CutProj */ = {
			isa = XCSwiftPackageProductDependency;
			productName = CutProj;
		};
		1A6D415217AC54834D17646E /* SnapshotTesting */ = {
			isa = XCSwiftPackageProductDependency;
			package = BFBDFB2688C4DA238D61BA77 /* XCRemoteSwiftPackageReference "swift-snapshot-testing" */;
			productName = SnapshotTesting;
		};
		BCD61F8BD27F41D116E43DDB /* CutPersist */ = {
			isa = XCSwiftPackageProductDependency;
			productName = CutPersist;
		};
		BD4A2986EE6DF8CB09EEA377 /* CutModels */ = {
			isa = XCSwiftPackageProductDependency;
			productName = CutModels;
		};
		F9CAA491C502F5086B9A7D28 /* CutCore */ = {
			isa = XCSwiftPackageProductDependency;
			productName = CutCore;
		};
/* End XCSwiftPackageProductDependency section */
	};
	rootObject = 685AD86967C90349666BA45B /* Project object */;
}
